
Microsoft Visual Studio Solution File, Format Version 12.00
# Visual Studio 15
VisualStudioVersion = 15.0.27130.2020
MinimumVisualStudioVersion = 10.0.40219.1
Project("{FAE04EC0-301F-11D3-BF4B-00C04F79EFBC}") = "FinalAssessment", "FinalAssessment\FinalAssessment.csproj", "{023669BB-2746-4DE9-9FBF-1BD0500962EC}"
EndProject
Global
	GlobalSection(SolutionConfigurationPlatforms) = preSolution
		Debug|Any CPU = Debug|Any CPU
		Release|Any CPU = Release|Any CPU
	EndGlobalSection
	GlobalSection(ProjectConfigurationPlatforms) = postSolution
		{023669BB-2746-4DE9-9FBF-1BD0500962EC}.Debug|Any CPU.ActiveCfg = Debug|Any CPU
		{023669BB-2746-4DE9-9FBF-1BD0500962EC}.Debug|Any CPU.Build.0 = Debug|Any CPU
		{023669BB-2746-4DE9-9FBF-1BD0500962EC}.Release|Any CPU.ActiveCfg = Release|Any CPU
		{023669BB-2746-4DE9-9FBF-1BD0500962EC}.Release|Any CPU.Build.0 = Release|Any CPU
	EndGlobalSection
	GlobalSection(SolutionProperties) = preSolution
		HideSolutionNode = FALSE
	EndGlobalSection
	GlobalSection(ExtensibilityGlobals) = postSolution
		SolutionGuid = {3AF221D0-4277-4A15-A2CA-13DD7B5E409F}
	EndGlobalSection
EndGlobal
